
Microsoft Visual Studio Solution File, Format Version 12.00
# Visual Studio Version 16
VisualStudioVersion = 16.0.33027.164
MinimumVisualStudioVersion = 10.0.40219.1
Project("{FAE04EC0-301F-11D3-BF4B-00C04F79EFBC}") = "SupperCRMExample.WebAPP", "SupperCRMExample.WebAPP\SupperCRMExample.WebAPP.csproj", "{1780D777-A7F4-433C-B1D6-91CC53AFA1B8}"
EndProject
Global
	GlobalSection(SolutionConfigurationPlatforms) = preSolution
		Debug|Any CPU = Debug|Any CPU
		Release|Any CPU = Release|Any CPU
	EndGlobalSection
	GlobalSection(ProjectConfigurationPlatforms) = postSolution
		{1780D777-A7F4-433C-B1D6-91CC53AFA1B8}.Debug|Any CPU.ActiveCfg = Debug|Any CPU
		{1780D777-A7F4-433C-B1D6-91CC53AFA1B8}.Debug|Any CPU.Build.0 = Debug|Any CPU
		{1780D777-A7F4-433C-B1D6-91CC53AFA1B8}.Release|Any CPU.ActiveCfg = Release|Any CPU
		{1780D777-A7F4-433C-B1D6-91CC53AFA1B8}.Release|Any CPU.Build.0 = Release|Any CPU
	EndGlobalSection
	GlobalSection(SolutionProperties) = preSolution
		HideSolutionNode = FALSE
	EndGlobalSection
	GlobalSection(ExtensibilityGlobals) = postSolution
		SolutionGuid = {A6FCD83D-781E-4820-8DA3-4C64886C4DC9}
	EndGlobalSection
EndGlobal
